
Microsoft Visual Studio Solution File, Format Version 12.00
# Visual Studio Express 2012 for Web
Project("{FAE04EC0-301F-11D3-BF4B-00C04F79EFBC}") = "DynamicBundles", "DynamicBundles\DynamicBundles.csproj", "{37C5ED5D-3951-4325-9191-BCD55DDDD3FE}"
EndProject
Project("{FAE04EC0-301F-11D3-BF4B-00C04F79EFBC}") = "DynamicBundles.TestWeb", "DynamicBundles.TestWeb\DynamicBundles.TestWeb.csproj", "{4A836FF7-DAB1-498B-A698-C4B99BCC6B20}"
EndProject
Project("{FAE04EC0-301F-11D3-BF4B-00C04F79EFBC}") = "DynamicBundles.Test", "DynamicBundles.Test\DynamicBundles.Test.csproj", "{DECBC746-AEF8-4425-B7DF-92ACD738F7D0}"
EndProject
Global
	GlobalSection(SolutionConfigurationPlatforms) = preSolution
		Debug|Any CPU = Debug|Any CPU
		Release|Any CPU = Release|Any CPU
	EndGlobalSection
	GlobalSection(ProjectConfigurationPlatforms) = postSolution
		{37C5ED5D-3951-4325-9191-BCD55DDDD3FE}.Debug|Any CPU.ActiveCfg = Debug|Any CPU
		{37C5ED5D-3951-4325-9191-BCD55DDDD3FE}.Debug|Any CPU.Build.0 = Debug|Any CPU
		{37C5ED5D-3951-4325-9191-BCD55DDDD3FE}.Release|Any CPU.ActiveCfg = Release|Any CPU
		{37C5ED5D-3951-4325-9191-BCD55DDDD3FE}.Release|Any CPU.Build.0 = Release|Any CPU
		{4A836FF7-DAB1-498B-A698-C4B99BCC6B20}.Debug|Any CPU.ActiveCfg = Debug|Any CPU
		{4A836FF7-DAB1-498B-A698-C4B99BCC6B20}.Debug|Any CPU.Build.0 = Debug|Any CPU
		{4A836FF7-DAB1-498B-A698-C4B99BCC6B20}.Release|Any CPU.ActiveCfg = Release|Any CPU
		{4A836FF7-DAB1-498B-A698-C4B99BCC6B20}.Release|Any CPU.Build.0 = Release|Any CPU
		{DECBC746-AEF8-4425-B7DF-92ACD738F7D0}.Debug|Any CPU.ActiveCfg = Debug|Any CPU
		{DECBC746-AEF8-4425-B7DF-92ACD738F7D0}.Debug|Any CPU.Build.0 = Debug|Any CPU
		{DECBC746-AEF8-4425-B7DF-92ACD738F7D0}.Release|Any CPU.ActiveCfg = Release|Any CPU
		{DECBC746-AEF8-4425-B7DF-92ACD738F7D0}.Release|Any CPU.Build.0 = Release|Any CPU
	EndGlobalSection
	GlobalSection(SolutionProperties) = preSolution
		HideSolutionNode = FALSE
	EndGlobalSection
EndGlobal
